# Generated by pub
# See https://www.dartlang.org/tools/pub/glossary#lockfile
packages:
  path:
    dependency: transitive
    description:
      name: path
      url: "https://pub.dartlang.org"
    source: hosted
    version: "1.6.2"
  stack_trace:
    dependency: "direct main"
    description:
      name: stack_trace
      url: "https://pub.dartlang.org"
    source: hosted
    version: "1.9.3"
sdks:
  dart: ">=2.0.0-dev.62.0 <3.0.0"
